Microsoft Visual Studio Solution File, Format Version 12.00
# Visual Studio Version 17
VisualStudioVersion = 17.5.2.0
MinimumVisualStudioVersion = 10.0.40219.1
Project("{FAE04EC0-301F-11D3-BF4B-00C04F79EFBC}") = "DOSGameCollection", "DOSGameCollection.csproj", "{2341C1CC-DBBE-8DA3-E1D5-9FF494C45232}"
EndProject
Global
	GlobalSection(SolutionConfigurationPlatforms) = preSolution
		Debug|Any CPU = Debug|Any CPU
		Release|Any CPU = Release|Any CPU
	EndGlobalSection
	GlobalSection(ProjectConfigurationPlatforms) = postSolution
		{2341C1CC-DBBE-8DA3-E1D5-9FF494C45232}.Debug|Any CPU.ActiveCfg = Debug|Any CPU
		{2341C1CC-DBBE-8DA3-E1D5-9FF494C45232}.Debug|Any CPU.Build.0 = Debug|Any CPU
		{2341C1CC-DBBE-8DA3-E1D5-9FF494C45232}.Release|Any CPU.ActiveCfg = Release|Any CPU
		{2341C1CC-DBBE-8DA3-E1D5-9FF494C45232}.Release|Any CPU.Build.0 = Release|Any CPU
	EndGlobalSection
	GlobalSection(SolutionProperties) = preSolution
		HideSolutionNode = FALSE
	EndGlobalSection
	GlobalSection(ExtensibilityGlobals) = postSolution
		SolutionGuid = {22982B18-443E-4F32-8E61-8708CCD8F61D}
	EndGlobalSection
EndGlobal
